# THIS IS AN AUTOGENERATED FILE. DO NOT EDIT THIS FILE DIRECTLY.
# yarn lockfile v1


"@typescript/native-preview-darwin-arm64@7.0.0-dev.20250613.1":
  version "7.0.0-dev.20250613.1"
  resolved "https://registry.yarnpkg.com/@typescript/native-preview-darwin-arm64/-/native-preview-darwin-arm64-7.0.0-dev.20250613.1.tgz#ddc1f58d08949bc10966ab89909f54265410d2a8"
  integrity sha512-I5x2CDqO8vlWkkic8Ic+O+N92AM7HjGxkWoLcf4sobNQAWFaJMR/9FassTlal5ZJA+NYhcX1PIw4kfEts6l+Sw==

"@typescript/native-preview-darwin-x64@7.0.0-dev.20250613.1":
  version "7.0.0-dev.20250613.1"
  resolved "https://registry.yarnpkg.com/@typescript/native-preview-darwin-x64/-/native-preview-darwin-x64-7.0.0-dev.20250613.1.tgz#90cd789c614c38f892f0c4288b1c6da6c6fb9da5"
  integrity sha512-lkjcBIFTsIHj4tkoI+/CLsv9elvGbnXX18tJbG1DGHtx7ziXLNxfuFDKbFJZtuFj9ndcoMZUNGl+4CCXhb7dTw==

"@typescript/native-preview-linux-arm64@7.0.0-dev.20250613.1":
  version "7.0.0-dev.20250613.1"
  resolved "https://registry.yarnpkg.com/@typescript/native-preview-linux-arm64/-/native-preview-linux-arm64-7.0.0-dev.20250613.1.tgz#777609cabd0bfb6dc08b5e7670fbfe23b5e53bd2"
  integrity sha512-B5Yq83NrS4zzAs1l5etIq2/a1jRg6mTH32XdBa0ryDyco6ILKnd9KPsBf/R7QaBcum6xEzd6+7IUuiIfNjqd7A==

"@typescript/native-preview-linux-arm@7.0.0-dev.20250613.1":
  version "7.0.0-dev.20250613.1"
  resolved "https://registry.yarnpkg.com/@typescript/native-preview-linux-arm/-/native-preview-linux-arm-7.0.0-dev.20250613.1.tgz#d6a80d9ff72e11d9961c3c56af521bb6893a135c"
  integrity sha512-JFimMljY0/oJycE7cQ5+VyvX3i1D4StfpHha956sbX+PgwhkKQeLh7aqYdFVVSG8G7xd5HWv5Nca+jeYgKQupA==

"@typescript/native-preview-linux-x64@7.0.0-dev.20250613.1":
  version "7.0.0-dev.20250613.1"
  resolved "https://registry.yarnpkg.com/@typescript/native-preview-linux-x64/-/native-preview-linux-x64-7.0.0-dev.20250613.1.tgz#5513e68a39c85ca08978a71b8d029d39405ff5ad"
  integrity sha512-GqrSeY8lFsZ/IuB3CmiccotdUBYFHy8j345YOaqPSAENBBRwzVMj10PckTheucq9qfEoVouVYneUQoreYfqLZQ==

"@typescript/native-preview-win32-arm64@7.0.0-dev.20250613.1":
  version "7.0.0-dev.20250613.1"
  resolved "https://registry.yarnpkg.com/@typescript/native-preview-win32-arm64/-/native-preview-win32-arm64-7.0.0-dev.20250613.1.tgz#c8048803e1cb5d92e16fb7e79e38b524d5fcbe02"
  integrity sha512-+1Rg8ZfZpWHqF4Eo3L9WV4DRiFEhphZ4R/Y4lps0kl3rf7YpDdGVJXYGGEdDdm5Kg6D3crKxYp0c1YsQrmJCiQ==

"@typescript/native-preview-win32-x64@7.0.0-dev.20250613.1":
  version "7.0.0-dev.20250613.1"
  resolved "https://registry.yarnpkg.com/@typescript/native-preview-win32-x64/-/native-preview-win32-x64-7.0.0-dev.20250613.1.tgz#84eceb50f61835399ffdcbfdfebd0d4adfed14c3"
  integrity sha512-M7Zg8q6/pUoG09anbYaD2/AlZV2f/sfwnMVaTHarxRTuUh4oJNnbE2aD7PB+ogB0UK4oNF7WrtMlMDeN/6JCOA==

"@typescript/native-preview@^7.0.0-dev.20250613.1":
  version "7.0.0-dev.20250613.1"
  resolved "https://registry.yarnpkg.com/@typescript/native-preview/-/native-preview-7.0.0-dev.20250613.1.tgz#66ef07ca09f41df373824b4b48865682bc828f06"
  integrity sha512-npFgm6DOQA+HVsglY959PMYWqNNQtzD8IOs88tg5FkNRfk88cvBqWStHfy5+8v+RYvJweYYiVwu6oOiDQhij1g==
  optionalDependencies:
    "@typescript/native-preview-darwin-arm64" "7.0.0-dev.20250613.1"
    "@typescript/native-preview-darwin-x64" "7.0.0-dev.20250613.1"
    "@typescript/native-preview-linux-arm" "7.0.0-dev.20250613.1"
    "@typescript/native-preview-linux-arm64" "7.0.0-dev.20250613.1"
    "@typescript/native-preview-linux-x64" "7.0.0-dev.20250613.1"
    "@typescript/native-preview-win32-arm64" "7.0.0-dev.20250613.1"
    "@typescript/native-preview-win32-x64" "7.0.0-dev.20250613.1"

typescript@^5.8.3:
  version "5.8.3"
  resolved "https://registry.yarnpkg.com/typescript/-/typescript-5.8.3.tgz#92f8a3e5e3cf497356f4178c34cd65a7f5e8440e"
  integrity sha512-p1diW6TqL9L07nNxvRMM7hMMw4c5XOo/1ibL4aAIGmSAt9slTE1Xgw5KWuof2uTOvCg9BY7ZRi+GaF+7sfgPeQ==
